// !$*UTF8*$!
{
	archiveVersion = 1;
	classes = {
	};
	objectVersion = 50;
	objects = {

/* Begin PBXBuildFile section */
		049FDFA22101C0D2008B894A /* AppDelegate.m in Sources */ = {isa = PBXBuildFile; fileRef = 049FDFA12101C0D2008B894A /* AppDelegate.m */; };
		049FDFA52101C0D2008B894A /* ViewController.m in Sources */ = {isa = PBXBuildFile; fileRef = 049FDFA42101C0D2008B894A /* ViewController.m */; };
		049FDFA82101C0D2008B894A /* Main.storyboard in Resources */ = {isa = PBXBuildFile; fileRef = 049FDFA62101C0D2008B894A /* Main.storyboard */; };
		049FDFAA2101C0D3008B894A /* Assets.xcassets in Resources */ = {isa = PBXBuildFile; fileRef = 049FDFA92101C0D3008B894A /* Assets.xcassets */; };
		049FDFAD2101C0D3008B894A /* LaunchScreen.storyboard in Resources */ = {isa = PBXBuildFile; fileRef = 049FDFAB2101C0D3008B894A /* LaunchScreen.storyboard */; };
		049FDFB02101C0D3008B894A /* main.m in Sources */ = {isa = PBXBuildFile; fileRef = 049FDFAF2101C0D3008B894A /* main.m */; };
		049FDFBA2101C0D4008B894A /* OBjectFrameTests.m in Sources */ = {isa = PBXBuildFile; fileRef = 049FDFB92101C0D4008B894A /* OBjectFrameTests.m */; };
		049FDFC52101C0D4008B894A /* OBjectFrameUITests.m in Sources */ = {isa = PBXBuildFile; fileRef = 049FDFC42101C0D4008B894A /* OBjectFrameUITests.m */; };
/* End PBXBuildFile section */

/* Begin PBXContainerItemProxy section */
		049FDFB62101C0D3008B894A /* PBXContainerItemProxy */ = {
			isa = PBXContainerItemProxy;
			containerPortal = 049FDF952101C0D2008B894A /* Project object */;
			proxyType = 1;
			remoteGlobalIDString = 049FDF9C2101C0D2008B894A;
			remoteInfo = OBjectFrame;
		};
		049FDFC12101C0D4008B894A /* PBXContainerItemProxy */ = {
			isa = PBXContainerItemProxy;
			containerPortal = 049FDF952101C0D2008B894A /* Project object */;
			proxyType = 1;
			remoteGlobalIDString = 049FDF9C2101C0D2008B894A;
			remoteInfo = OBjectFrame;
		};
/* End PBXContainerItemProxy section */

/* Begin PBXFileReference section */
		049FDF9D2101C0D2008B894A /* OBjectFrame.app */ = {isa = PBXFileReference; explicitFileType = wrapper.application; includeInIndex = 0; path = OBjectFrame.app; sourceTree = BUILT_PRODUCTS_DIR; };
		049FDFA02101C0D2008B894A /* AppDelegate.h */ = {isa = PBXFileReference; lastKnownFileType = sourcecode.c.h; path = AppDelegate.h; sourceTree = "<group>"; };
		049FDFA12101C0D2008B894A /* AppDelegate.m */ = {isa = PBXFileReference; lastKnownFileType = sourcecode.c.objc; path = AppDelegate.m; sourceTree = "<group>"; };
		049FDFA32101C0D2008B894A /* ViewController.h */ = {isa = PBXFileReference; lastKnownFileType = sourcecode.c.h; path = ViewController.h; sourceTree = "<group>"; };
		049FDFA42101C0D2008B894A /* ViewController.m */ = {isa = PBXFileReference; lastKnownFileType = sourcecode.c.objc; path = ViewController.m; sourceTree = "<group>"; };
		049FDFA72101C0D2008B894A /* Base */ = {isa = PBXFileReference; lastKnownFileType = file.storyboard; name = Base; path = Base.lproj/Main.storyboard; sourceTree = "<group>"; };
		049FDFA92101C0D3008B894A /* Assets.xcassets */ = {isa = PBXFileReference; lastKnownFileType = folder.assetcatalog; path = Assets.xcassets; sourceTree = "<group>"; };
		049FDFAC2101C0D3008B894A /* Base */ = {isa = PBXFileReference; lastKnownFileType = file.storyboard; name = Base; path = Base.lproj/LaunchScreen.storyboard; sourceTree = "<group>"; };
		049FDFAE2101C0D3008B894A /* Info.plist */ = {isa = PBXFileReference; lastKnownFileType = text.plist.xml; path = Info.plist; sourceTree = "<group>"; };
		049FDFAF2101C0D3008B894A /* main.m */ = {isa = PBXFileReference; lastKnownFileType = sourcecode.c.objc; path = main.m; sourceTree = "<group>"; };
		049FDFB52101C0D3008B894A /* OBjectFrameTests.xctest */ = {isa = PBXFileReference; explicitFileType = wrapper.cfbundle; includeInIndex = 0; path = OBjectFrameTests.xctest; sourceTree = BUILT_PRODUCTS_DIR; };
		049FDFB92101C0D4008B894A /* OBjectFrameTests.m */ = {isa = PBXFileReference; lastKnownFileType = sourcecode.c.objc; path = OBjectFrameTests.m; sourceTree = "<group>"; };
		049FDFBB2101C0D4008B894A /* Info.plist */ = {isa = PBXFileReference; lastKnownFileType = text.plist.xml; path = Info.plist; sourceTree = "<group>"; };
		049FDFC02101C0D4008B894A /* OBjectFrameUITests.xctest */ = {isa = PBXFileReference; explicitFileType = wrapper.cfbundle; includeInIndex = 0; path = OBjectFrameUITests.xctest; sourceTree = BUILT_PRODUCTS_DIR; };
		049FDFC42101C0D4008B894A /* OBjectFrameUITests.m */ = {isa = PBXFileReference; lastKnownFileType = sourcecode.c.objc; path = OBjectFrameUITests.m; sourceTree = "<group>"; };
		049FDFC62101C0D4008B894A /* Info.plist */ = {isa = PBXFileReference; lastKnownFileType = text.plist.xml; path = Info.plist; sourceTree = "<group>"; };
/* End PBXFileReference section */

/* Begin PBXFrameworksBuildPhase section */
		049FDF9A2101C0D2008B894A /* Frameworks */ = {
			isa = PBXFrameworksBuildPhase;
			buildActionMask = 2147483647;
			files = (
			);
			runOnlyForDeploymentPostprocessing = 0;
		};
		049FDFB22101C0D3008B894A /* Frameworks */ = {
			isa = PBXFrameworksBuildPhase;
			buildActionMask = 2147483647;
			files = (
			);
			runOnlyForDeploymentPostprocessing = 0;
		};
		049FDFBD2101C0D4008B894A /* Frameworks */ = {
			isa = PBXFrameworksBuildPhase;
			buildActionMask = 2147483647;
			files = (
			);
			runOnlyForDeploymentPostprocessing = 0;
		};
/* End PBXFrameworksBuildPhase section */

/* Begin PBXGroup section */
		049FDF942101C0D2008B894A = {
			isa = PBXGroup;
			children = (
				049FDF9F2101C0D2008B894A /* OBjectFrame */,
				049FDFB82101C0D4008B894A /* OBjectFrameTests */,
				049FDFC32101C0D4008B894A /* OBjectFrameUITests */,
				049FDF9E2101C0D2008B894A /* Products */,
			);
			sourceTree = "<group>";
		};
		049FDF9E2101C0D2008B894A /* Products */ = {
			isa = PBXGroup;
			children = (
				049FDF9D2101C0D2008B894A /* OBjectFrame.app */,
				049FDFB52101C0D3008B894A /* OBjectFrameTests.xctest */,
				049FDFC02101C0D4008B894A /* OBjectFrameUITests.xctest */,
			);
			name = Products;
			sourceTree = "<group>";
		};
		049FDF9F2101C0D2008B894A /* OBjectFrame */ = {
			isa = PBXGroup;
			children = (
				049FDFA02101C0D2008B894A /* AppDelegate.h */,
				049FDFA12101C0D2008B894A /* AppDelegate.m */,
				049FDFA32101C0D2008B894A /* ViewController.h */,
				049FDFA42101C0D2008B894A /* ViewController.m */,
				049FDFA62101C0D2008B894A /* Main.storyboard */,
				049FDFA92101C0D3008B894A /* Assets.xcassets */,
				049FDFAB2101C0D3008B894A /* LaunchScreen.storyboard */,
				049FDFAE2101C0D3008B894A /* Info.plist */,
				049FDFAF2101C0D3008B894A /* main.m */,
			);
			path = OBjectFrame;
			sourceTree = "<group>";
		};
		049FDFB82101C0D4008B894A /* OBjectFrameTests */ = {
			isa = PBXGroup;
			children = (
				049FDFB92101C0D4008B894A /* OBjectFrameTests.m */,
				049FDFBB2101C0D4008B894A /* Info.plist */,
			);
			path = OBjectFrameTests;
			sourceTree = "<group>";
		};
		049FDFC32101C0D4008B894A /* OBjectFrameUITests */ = {
			isa = PBXGroup;
			children = (
				049FDFC42101C0D4008B894A /* OBjectFrameUITests.m */,
				049FDFC62101C0D4008B894A /* Info.plist */,
			);
			path = OBjectFrameUITests;
			sourceTree = "<group>";
		};
/* End PBXGroup section */

/* Begin PBXNativeTarget section */
		049FDF9C2101C0D2008B894A /* OBjectFrame */ = {
			isa = PBXNativeTarget;
			buildConfigurationList = 049FDFC92101C0D4008B894A /* Build configuration list for PBXNativeTarget "OBjectFrame" */;
			buildPhases = (
				049FDF992101C0D2008B894A /* Sources */,
				049FDF9A2101C0D2008B894A /* Frameworks */,
				049FDF9B2101C0D2008B894A /* Resources */,
			);
			buildRules = (
			);
			dependencies = (
			);
			name = OBjectFrame;
			productName = OBjectFrame;
			productReference = 049FDF9D2101C0D2008B894A /* OBjectFrame.app */;
			productType = "com.apple.product-type.application";
		};
		049FDFB42101C0D3008B894A /* OBjectFrameTests */ = {
			isa = PBXNativeTarget;
			buildConfigurationList = 049FDFCC2101C0D4008B894A /* Build configuration list for PBXNativeTarget "OBjectFrameTests" */;
			buildPhases = (
				049FDFB12101C0D3008B894A /* Sources */,
				049FDFB22101C0D3008B894A /* Frameworks */,
				049FDFB32101C0D3008B894A /* Resources */,
			);
			buildRules = (
			);
			dependencies = (
				049FDFB72101C0D3008B894A /* PBXTargetDependency */,
			);
			name = OBjectFrameTests;
			productName = OBjectFrameTests;
			productReference = 049FDFB52101C0D3008B894A /* OBjectFrameTests.xctest */;
			productType = "com.apple.product-type.bundle.unit-test";
		};
		049FDFBF2101C0D4008B894A /* OBjectFrameUITests */ = {
			isa = PBXNativeTarget;
			buildConfigurationList = 049FDFCF2101C0D4008B894A /* Build configuration list for PBXNativeTarget "OBjectFrameUITests" */;
			buildPhases = (
				049FDFBC2101C0D4008B894A /* Sources */,
				049FDFBD2101C0D4008B894A /* Frameworks */,
				049FDFBE2101C0D4008B894A /* Resources */,
			);
			buildRules = (
			);
			dependencies = (
				049FDFC22101C0D4008B894A /* PBXTargetDependency */,
			);
			name = OBjectFrameUITests;
			productName = OBjectFrameUITests;
			productReference = 049FDFC02101C0D4008B894A /* OBjectFrameUITests.xctest */;
			productType = "com.apple.product-type.bundle.ui-testing";
		};
/* End PBXNativeTarget section */

/* Begin PBXProject section */
		049FDF952101C0D2008B894A /* Project object */ = {
			isa = PBXProject;
			attributes = {
				LastUpgradeCheck = 0940;
				ORGANIZATIONNAME = thc;
				TargetAttributes = {
					049FDF9C2101C0D2008B894A = {
						CreatedOnToolsVersion = 9.4.1;
					};
					049FDFB42101C0D3008B894A = {
						CreatedOnToolsVersion = 9.4.1;
						TestTargetID = 049FDF9C2101C0D2008B894A;
					};
					049FDFBF2101C0D4008B894A = {
						CreatedOnToolsVersion = 9.4.1;
						TestTargetID = 049FDF9C2101C0D2008B894A;
					};
				};
			};
			buildConfigurationList = 049FDF982101C0D2008B894A /* Build configuration list for PBXProject "OBjectFrame" */;
			compatibilityVersion = "Xcode 9.3";
			developmentRegion = en;
			hasScannedForEncodings = 0;
			knownRegions = (
				en,
				Base,
			);
			mainGroup = 049FDF942101C0D2008B894A;
			productRefGroup = 049FDF9E2101C0D2008B894A /* Products */;
			projectDirPath = "";
			projectRoot = "";
			targets = (
				049FDF9C2101C0D2008B894A /* OBjectFrame */,
				049FDFB42101C0D3008B894A /* OBjectFrameTests */,
				049FDFBF2101C0D4008B894A /* OBjectFrameUITests */,
			);
		};
/* End PBXProject section */

/* Begin PBXResourcesBuildPhase section */
		049FDF9B2101C0D2008B894A /* Resources */ = {
			isa = PBXResourcesBuildPhase;
			buildActionMask = 2147483647;
			files = (
				049FDFAD2101C0D3008B894A /* LaunchScreen.storyboard in Resources */,
				049FDFAA2101C0D3008B894A /* Assets.xcassets in Resources */,
				049FDFA82101C0D2008B894A /* Main.storyboard in Resources */,
			);
			runOnlyForDeploymentPostprocessing = 0;
		};
		049FDFB32101C0D3008B894A /* Resources */ = {
			isa = PBXResourcesBuildPhase;
			buildActionMask = 2147483647;
			files = (
			);
			runOnlyForDeploymentPostprocessing = 0;
		};
		049FDFBE2101C0D4008B894A /* Resources */ = {
			isa = PBXResourcesBuildPhase;
			buildActionMask = 2147483647;
			files = (
			);
			runOnlyForDeploymentPostprocessing = 0;
		};
/* End PBXResourcesBuildPhase section */

/* Begin PBXSourcesBuildPhase section */
		049FDF992101C0D2008B894A /* Sources */ = {
			isa = PBXSourcesBuildPhase;
			buildActionMask = 2147483647;
			files = (
				049FDFA52101C0D2008B894A /* ViewController.m in Sources */,
				049FDFB02101C0D3008B894A /* main.m in Sources */,
				049FDFA22101C0D2008B894A /* AppDelegate.m in Sources */,
			);
			runOnlyForDeploymentPostprocessing = 0;
		};
		049FDFB12101C0D3008B894A /* Sources */ = {
			isa = PBXSourcesBuildPhase;
			buildActionMask = 2147483647;
			files = (
				049FDFBA2101C0D4008B894A /* OBjectFrameTests.m in Sources */,
			);
			runOnlyForDeploymentPostprocessing = 0;
		};
		049FDFBC2101C0D4008B894A /* Sources */ = {
			isa = PBXSourcesBuildPhase;
			buildActionMask = 2147483647;
			files = (
				049FDFC52101C0D4008B894A /* OBjectFrameUITests.m in Sources */,
			);
			runOnlyForDeploymentPostprocessing = 0;
		};
/* End PBXSourcesBuildPhase section */

/* Begin PBXTargetDependency section */
		049FDFB72101C0D3008B894A /* PBXTargetDependency */ = {
			isa = PBXTargetDependency;
			target = 049FDF9C2101C0D2008B894A /* OBjectFrame */;
			targetProxy = 049FDFB62101C0D3008B894A /* PBXContainerItemProxy */;
		};
		049FDFC22101C0D4008B894A /* PBXTargetDependency */ = {
			isa = PBXTargetDependency;
			target = 049FDF9C2101C0D2008B894A /* OBjectFrame */;
			targetProxy = 049FDFC12101C0D4008B894A /* PBXContainerItemProxy */;
		};
/* End PBXTargetDependency section */

/* Begin PBXVariantGroup section */
		049FDFA62101C0D2008B894A /* Main.storyboard */ = {
			isa = PBXVariantGroup;
			children = (
				049FDFA72101C0D2008B894A /* Base */,
			);
			name = Main.storyboard;
			sourceTree = "<group>";
		};
		049FDFAB2101C0D3008B894A /* LaunchScreen.storyboard */ = {
			isa = PBXVariantGroup;
			children = (
				049FDFAC2101C0D3008B894A /* Base */,
			);
			name = LaunchScreen.storyboard;
			sourceTree = "<group>";
		};
/* End PBXVariantGroup section */

/* Begin XCBuildConfiguration section */
		049FDFC72101C0D4008B894A /* Debug */ = {
			isa = XCBuildConfiguration;
			buildSettings = {
				ALWAYS_SEARCH_USER_PATHS = NO;
				CLANG_ANALYZER_NONNULL = YES;
				CLANG_ANALYZER_NUMBER_OBJECT_CONVERSION = YES_AGGRESSIVE;
				CLANG_CXX_LANGUAGE_STANDARD = "gnu++14";
				CLANG_CXX_LIBRARY = "libc++";
				CLANG_ENABLE_MODULES = YES;
				CLANG_ENABLE_OBJC_ARC = YES;
				CLANG_ENABLE_OBJC_WEAK = YES;
				CLANG_WARN_BLOCK_CAPTURE_AUTORELEASING = YES;
				CLANG_WARN_BOOL_CONVERSION = YES;
				CLANG_WARN_COMMA = YES;
				CLANG_WARN_CONSTANT_CONVERSION = YES;
				CLANG_WARN_DEPRECATED_OBJC_IMPLEMENTATIONS = YES;
				CLANG_WARN_DIRECT_OBJC_ISA_USAGE = YES_ERROR;
				CLANG_WARN_DOCUMENTATION_COMMENTS = YES;
				CLANG_WARN_EMPTY_BODY = YES;
				CLANG_WARN_ENUM_CONVERSION = YES;
				CLANG_WARN_INFINITE_RECURSION = YES;
				CLANG_WARN_INT_CONVERSION = YES;
				CLANG_WARN_NON_LITERAL_NULL_CONVERSION = YES;
				CLANG_WARN_OBJC_IMPLICIT_RETAIN_SELF = YES;
				CLANG_WARN_OBJC_LITERAL_CONVERSION = YES;
				CLANG_WARN_OBJC_ROOT_CLASS = YES_ERROR;
				CLANG_WARN_RANGE_LOOP_ANALYSIS = YES;
				CLANG_WARN_STRICT_PROTOTYPES = YES;
				CLANG_WARN_SUSPICIOUS_MOVE = YES;
				CLANG_WARN_UNGUARDED_AVAILABILITY = YES_AGGRESSIVE;
				CLANG_WARN_UNREACHABLE_CODE = YES;
				CLANG_WARN__DUPLICATE_METHOD_MATCH = YES;
				CODE_SIGN_IDENTITY = "iPhone Developer";
				COPY_PHASE_STRIP = NO;
				DEBUG_INFORMATION_FORMAT = dwarf;
				ENABLE_STRICT_OBJC_MSGSEND = YES;
				ENABLE_TESTABILITY = YES;
				GCC_C_LANGUAGE_STANDARD = gnu11;
				GCC_DYNAMIC_NO_PIC = NO;
				GCC_NO_COMMON_BLOCKS = YES;
				GCC_OPTIMIZATION_LEVEL = 0;
				GCC_PREPROCESSOR_DEFINITIONS = (
					"DEBUG=1",
					"$(inherited)",
				);
				GCC_WARN_64_TO_32_BIT_CONVERSION = YES;
				GCC_WARN_ABOUT_RETURN_TYPE = YES_ERROR;
				GCC_WARN_UNDECLARED_SELECTOR = YES;
				GCC_WARN_UNINITIALIZED_AUTOS = YES_AGGRESSIVE;
				GCC_WARN_UNUSED_FUNCTION = YES;
				GCC_WARN_UNUSED_VARIABLE = YES;
				IPHONEOS_DEPLOYMENT_TARGET = 11.4;
				MTL_ENABLE_DEBUG_INFO = YES;
				ONLY_ACTIVE_ARCH = YES;
				SDKROOT = iphoneos;
			};
			name = Debug;
		};
		049FDFC82101C0D4008B894A /* Release */ = {
			isa = XCBuildConfiguration;
			buildSettings = {
				ALWAYS_SEARCH_USER_PATHS = NO;
				CLANG_ANALYZER_NONNULL = YES;
				CLANG_ANALYZER_NUMBER_OBJECT_CONVERSION = YES_AGGRESSIVE;
				CLANG_CXX_LANGUAGE_STANDARD = "gnu++14";
				CLANG_CXX_LIBRARY = "libc++";
				CLANG_ENABLE_MODULES = YES;
				CLANG_ENABLE_OBJC_ARC = YES;
				CLANG_ENABLE_OBJC_WEAK = YES;
				CLANG_WARN_BLOCK_CAPTURE_AUTORELEASING = YES;
				CLANG_WARN_BOOL_CONVERSION = YES;
				CLANG_WARN_COMMA = YES;
				CLANG_WARN_CONSTANT_CONVERSION = YES;
				CLANG_WARN_DEPRECATED_OBJC_IMPLEMENTATIONS = YES;
				CLANG_WARN_DIRECT_OBJC_ISA_USAGE = YES_ERROR;
				CLANG_WARN_DOCUMENTATION_COMMENTS = YES;
				CLANG_WARN_EMPTY_BODY = YES;
				CLANG_WARN_ENUM_CONVERSION = YES;
				CLANG_WARN_INFINITE_RECURSION = YES;
				CLANG_WARN_INT_CONVERSION = YES;
				CLANG_WARN_NON_LITERAL_NULL_CONVERSION = YES;
				CLANG_WARN_OBJC_IMPLICIT_RETAIN_SELF = YES;
				CLANG_WARN_OBJC_LITERAL_CONVERSION = YES;
				CLANG_WARN_OBJC_ROOT_CLASS = YES_ERROR;
				CLANG_WARN_RANGE_LOOP_ANALYSIS = YES;
				CLANG_WARN_STRICT_PROTOTYPES = YES;
				CLANG_WARN_SUSPICIOUS_MOVE = YES;
				CLANG_WARN_UNGUARDED_AVAILABILITY = YES_AGGRESSIVE;
				CLANG_WARN_UNREACHABLE_CODE = YES;
				CLANG_WARN__DUPLICATE_METHOD_MATCH = YES;
				CODE_SIGN_IDENTITY = "iPhone Developer";
				COPY_PHASE_STRIP = NO;
				DEBUG_INFORMATION_FORMAT = "dwarf-with-dsym";
				ENABLE_NS_ASSERTIONS = NO;
				ENABLE_STRICT_OBJC_MSGSEND = YES;
				GCC_C_LANGUAGE_STANDARD = gnu11;
				GCC_NO_COMMON_BLOCKS = YES;
				GCC_WARN_64_TO_32_BIT_CONVERSION = YES;
				GCC_WARN_ABOUT_RETURN_TYPE = YES_ERROR;
				GCC_WARN_UNDECLARED_SELECTOR = YES;
				GCC_WARN_UNINITIALIZED_AUTOS = YES_AGGRESSIVE;
				GCC_WARN_UNUSED_FUNCTION = YES;
				GCC_WARN_UNUSED_VARIABLE = YES;
				IPHONEOS_DEPLOYMENT_TARGET = 11.4;
				MTL_ENABLE_DEBUG_INFO = NO;
				SDKROOT = iphoneos;
				VALIDATE_PRODUCT = YES;
			};
			name = Release;
		};
		049FDFCA2101C0D4008B894A /* Debug */ = {
			isa = XCBuildConfiguration;
			buildSettings = {
				ASSETCATALOG_COMPILER_APPICON_NAME = AppIcon;
				CODE_SIGN_STYLE = Automatic;
				INFOPLIST_FILE = OBjectFrame/Info.plist;
				LD_RUNPATH_SEARCH_PATHS = (
					"$(inherited)",
					"@executable_path/Frameworks",
				);
				PRODUCT_BUNDLE_IDENTIFIER = thc.OBjectFrame;
				PRODUCT_NAME = "$(TARGET_NAME)";
				TARGETED_DEVICE_FAMILY = "1,2";
			};
			name = Debug;
		};
		049FDFCB2101C0D4008B894A /* Release */ = {
			isa = XCBuildConfiguration;
			buildSettings = {
				ASSETCATALOG_COMPILER_APPICON_NAME = AppIcon;
				CODE_SIGN_STYLE = Automatic;
				INFOPLIST_FILE = OBjectFrame/Info.plist;
				LD_RUNPATH_SEARCH_PATHS = (
					"$(inherited)",
					"@executable_path/Frameworks",
				);
				PRODUCT_BUNDLE_IDENTIFIER = thc.OBjectFrame;
				PRODUCT_NAME = "$(TARGET_NAME)";
				TARGETED_DEVICE_FAMILY = "1,2";
			};
			name = Release;
		};
		049FDFCD2101C0D4008B894A /* Debug */ = {
			isa = XCBuildConfiguration;
			buildSettings = {
				BUNDLE_LOADER = "$(TEST_HOST)";
				CODE_SIGN_STYLE = Automatic;
				INFOPLIST_FILE = OBjectFrameTests/Info.plist;
				LD_RUNPATH_SEARCH_PATHS = (
					"$(inherited)",
					"@executable_path/Frameworks",
					"@loader_path/Frameworks",
				);
				PRODUCT_BUNDLE_IDENTIFIER = thc.OBjectFrameTests;
				PRODUCT_NAME = "$(TARGET_NAME)";
				TARGETED_DEVICE_FAMILY = "1,2";
				TEST_HOST = "$(BUILT_PRODUCTS_DIR)/OBjectFrame.app/OBjectFrame";
			};
			name = Debug;
		};
		049FDFCE2101C0D4008B894A /* Release */ = {
			isa = XCBuildConfiguration;
			buildSettings = {
				BUNDLE_LOADER = "$(TEST_HOST)";
				CODE_SIGN_STYLE = Automatic;
				INFOPLIST_FILE = OBjectFrameTests/Info.plist;
				LD_RUNPATH_SEARCH_PATHS = (
					"$(inherited)",
					"@executable_path/Frameworks",
					"@loader_path/Frameworks",
				);
				PRODUCT_BUNDLE_IDENTIFIER = thc.OBjectFrameTests;
				PRODUCT_NAME = "$(TARGET_NAME)";
				TARGETED_DEVICE_FAMILY = "1,2";
				TEST_HOST = "$(BUILT_PRODUCTS_DIR)/OBjectFrame.app/OBjectFrame";
			};
			name = Release;
		};
		049FDFD02101C0D4008B894A /* Debug */ = {
			isa = XCBuildConfiguration;
			buildSettings = {
				CODE_SIGN_STYLE = Automatic;
				INFOPLIST_FILE = OBjectFrameUITests/Info.plist;
				LD_RUNPATH_SEARCH_PATHS = (
					"$(inherited)",
					"@executable_path/Frameworks",
					"@loader_path/Frameworks",
				);
				PRODUCT_BUNDLE_IDENTIFIER = thc.OBjectFrameUITests;
				PRODUCT_NAME = "$(TARGET_NAME)";
				TARGETED_DEVICE_FAMILY = "1,2";
				TEST_TARGET_NAME = OBjectFrame;
			};
			name = Debug;
		};
		049FDFD12101C0D4008B894A /* Release */ = {
			isa = XCBuildConfiguration;
			buildSettings = {
				CODE_SIGN_STYLE = Automatic;
				INFOPLIST_FILE = OBjectFrameUITests/Info.plist;
				LD_RUNPATH_SEARCH_PATHS = (
					"$(inherited)",
					"@executable_path/Frameworks",
					"@loader_path/Frameworks",
				);
				PRODUCT_BUNDLE_IDENTIFIER = thc.OBjectFrameUITests;
				PRODUCT_NAME = "$(TARGET_NAME)";
				TARGETED_DEVICE_FAMILY = "1,2";
				TEST_TARGET_NAME = OBjectFrame;
			};
			name = Release;
		};
/* End XCBuildConfiguration section */

/* Begin XCConfigurationList section */
		049FDF982101C0D2008B894A /* Build configuration list for PBXProject "OBjectFrame" */ = {
			isa = XCConfigurationList;
			buildConfigurations = (
				049FDFC72101C0D4008B894A /* Debug */,
				049FDFC82101C0D4008B894A /* Release */,
			);
			defaultConfigurationIsVisible = 0;
			defaultConfigurationName = Release;
		};
		049FDFC92101C0D4008B894A /* Build configuration list for PBXNativeTarget "OBjectFrame" */ = {
			isa = XCConfigurationList;
			buildConfigurations = (
				049FDFCA2101C0D4008B894A /* Debug */,
				049FDFCB2101C0D4008B894A /* Release */,
			);
			defaultConfigurationIsVisible = 0;
			defaultConfigurationName = Release;
		};
		049FDFCC2101C0D4008B894A /* Build configuration list for PBXNativeTarget "OBjectFrameTests" */ = {
			isa = XCConfigurationList;
			buildConfigurations = (
				049FDFCD2101C0D4008B894A /* Debug */,
				049FDFCE2101C0D4008B894A /* Release */,
			);
			defaultConfigurationIsVisible = 0;
			defaultConfigurationName = Release;
		};
		049FDFCF2101C0D4008B894A /* Build configuration list for PBXNativeTarget "OBjectFrameUITests" */ = {
			isa = XCConfigurationList;
			buildConfigurations = (
				049FDFD02101C0D4008B894A /* Debug */,
				049FDFD12101C0D4008B894A /* Release */,
			);
			defaultConfigurationIsVisible = 0;
			defaultConfigurationName = Release;
		};
/* End XCConfigurationList section */
	};
	rootObject = 049FDF952101C0D2008B894A /* Project object */;
}
