// !$*UTF8*$!
{
	archiveVersion = 1;
	classes = {
	};
	objectVersion = 50;
	objects = {

/* Begin PBXBuildFile section */
		047925E020F7418300CE8F7D /* LoginViewController.m in Sources */ = {isa = PBXBuildFile; fileRef = 047925DE20F7418300CE8F7D /* LoginViewController.m */; };
		047925E120F7418300CE8F7D /* LoginViewController.xib in Resources */ = {isa = PBXBuildFile; fileRef = 047925DF20F7418300CE8F7D /* LoginViewController.xib */; };
		047925E420F742FE00CE8F7D /* LoginViewModel.m in Sources */ = {isa = PBXBuildFile; fileRef = 047925E320F742FE00CE8F7D /* LoginViewModel.m */; };
		04B50FDF20F3489000A3C66F /* AppDelegate.m in Sources */ = {isa = PBXBuildFile; fileRef = 04B50FDE20F3489000A3C66F /* AppDelegate.m */; };
		04B50FE520F3489000A3C66F /* Main.storyboard in Resources */ = {isa = PBXBuildFile; fileRef = 04B50FE320F3489000A3C66F /* Main.storyboard */; };
		04B50FE720F3489200A3C66F /* Assets.xcassets in Resources */ = {isa = PBXBuildFile; fileRef = 04B50FE620F3489200A3C66F /* Assets.xcassets */; };
		04B50FEA20F3489200A3C66F /* LaunchScreen.storyboard in Resources */ = {isa = PBXBuildFile; fileRef = 04B50FE820F3489200A3C66F /* LaunchScreen.storyboard */; };
		04B50FED20F3489200A3C66F /* main.m in Sources */ = {isa = PBXBuildFile; fileRef = 04B50FEC20F3489200A3C66F /* main.m */; };
		04B50FF720F3489200A3C66F /* OBjectCFrameTests.m in Sources */ = {isa = PBXBuildFile; fileRef = 04B50FF620F3489200A3C66F /* OBjectCFrameTests.m */; };
		04B5100220F3489200A3C66F /* OBjectCFrameUITests.m in Sources */ = {isa = PBXBuildFile; fileRef = 04B5100120F3489200A3C66F /* OBjectCFrameUITests.m */; };
		04F9254920F851AC003A05E4 /* NetWorkTool.m in Sources */ = {isa = PBXBuildFile; fileRef = 04F9254820F851AC003A05E4 /* NetWorkTool.m */; };
		48F6B93B8F3861A96E9C2476 /* libPods-OBjectCFrame-OBjectCFrameTests.a in Frameworks */ = {isa = PBXBuildFile; fileRef = 71350EED7B7D8CA8C038425E /* libPods-OBjectCFrame-OBjectCFrameTests.a */; };
		8AF1E11C31CEE9738E3ED49D /* libPods-OBjectCFrameUITests.a in Frameworks */ = {isa = PBXBuildFile; fileRef = 8B617E7AAB5AD67DFB15FD0A /* libPods-OBjectCFrameUITests.a */; };
		D44CEE9E761337DBDF517798 /* libPods-OBjectCFrame.a in Frameworks */ = {isa = PBXBuildFile; fileRef = B0C0C3694AB3BB513E273211 /* libPods-OBjectCFrame.a */; };
/* End PBXBuildFile section */

/* Begin PBXContainerItemProxy section */
		04B50FF320F3489200A3C66F /* PBXContainerItemProxy */ = {
			isa = PBXContainerItemProxy;
			containerPortal = 04B50FD220F3489000A3C66F /* Project object */;
			proxyType = 1;
			remoteGlobalIDString = 04B50FD920F3489000A3C66F;
			remoteInfo = OBjectCFrame;
		};
		04B50FFE20F3489200A3C66F /* PBXContainerItemProxy */ = {
			isa = PBXContainerItemProxy;
			containerPortal = 04B50FD220F3489000A3C66F /* Project object */;
			proxyType = 1;
			remoteGlobalIDString = 04B50FD920F3489000A3C66F;
			remoteInfo = OBjectCFrame;
		};
/* End PBXContainerItemProxy section */

/* Begin PBXFileReference section */
		047925DD20F7418300CE8F7D /* LoginViewController.h */ = {isa = PBXFileReference; lastKnownFileType = sourcecode.c.h; path = LoginViewController.h; sourceTree = "<group>"; };
		047925DE20F7418300CE8F7D /* LoginViewController.m */ = {isa = PBXFileReference; lastKnownFileType = sourcecode.c.objc; path = LoginViewController.m; sourceTree = "<group>"; };
		047925DF20F7418300CE8F7D /* LoginViewController.xib */ = {isa = PBXFileReference; lastKnownFileType = file.xib; path = LoginViewController.xib; sourceTree = "<group>"; };
		047925E220F742FE00CE8F7D /* LoginViewModel.h */ = {isa = PBXFileReference; lastKnownFileType = sourcecode.c.h; path = LoginViewModel.h; sourceTree = "<group>"; };
		047925E320F742FE00CE8F7D /* LoginViewModel.m */ = {isa = PBXFileReference; lastKnownFileType = sourcecode.c.objc; path = LoginViewModel.m; sourceTree = "<group>"; };
		047925F120F753A800CE8F7D /* Header.pch */ = {isa = PBXFileReference; lastKnownFileType = sourcecode.c.h; path = Header.pch; sourceTree = "<group>"; };
		04B50FDA20F3489000A3C66F /* OBjectCFrame.app */ = {isa = PBXFileReference; explicitFileType = wrapper.application; includeInIndex = 0; path = OBjectCFrame.app; sourceTree = BUILT_PRODUCTS_DIR; };
		04B50FDD20F3489000A3C66F /* AppDelegate.h */ = {isa = PBXFileReference; lastKnownFileType = sourcecode.c.h; path = AppDelegate.h; sourceTree = "<group>"; };
		04B50FDE20F3489000A3C66F /* AppDelegate.m */ = {isa = PBXFileReference; lastKnownFileType = sourcecode.c.objc; path = AppDelegate.m; sourceTree = "<group>"; };
		04B50FE420F3489000A3C66F /* Base */ = {isa = PBXFileReference; lastKnownFileType = file.storyboard; name = Base; path = Base.lproj/Main.storyboard; sourceTree = "<group>"; };
		04B50FE620F3489200A3C66F /* Assets.xcassets */ = {isa = PBXFileReference; lastKnownFileType = folder.assetcatalog; path = Assets.xcassets; sourceTree = "<group>"; };
		04B50FE920F3489200A3C66F /* Base */ = {isa = PBXFileReference; lastKnownFileType = file.storyboard; name = Base; path = Base.lproj/LaunchScreen.storyboard; sourceTree = "<group>"; };
		04B50FEB20F3489200A3C66F /* Info.plist */ = {isa = PBXFileReference; lastKnownFileType = text.plist.xml; path = Info.plist; sourceTree = "<group>"; };
		04B50FEC20F3489200A3C66F /* main.m */ = {isa = PBXFileReference; lastKnownFileType = sourcecode.c.objc; path = main.m; sourceTree = "<group>"; };
		04B50FF220F3489200A3C66F /* OBjectCFrameTests.xctest */ = {isa = PBXFileReference; explicitFileType = wrapper.cfbundle; includeInIndex = 0; path = OBjectCFrameTests.xctest; sourceTree = BUILT_PRODUCTS_DIR; };
		04B50FF620F3489200A3C66F /* OBjectCFrameTests.m */ = {isa = PBXFileReference; lastKnownFileType = sourcecode.c.objc; path = OBjectCFrameTests.m; sourceTree = "<group>"; };
		04B50FF820F3489200A3C66F /* Info.plist */ = {isa = PBXFileReference; lastKnownFileType = text.plist.xml; path = Info.plist; sourceTree = "<group>"; };
		04B50FFD20F3489200A3C66F /* OBjectCFrameUITests.xctest */ = {isa = PBXFileReference; explicitFileType = wrapper.cfbundle; includeInIndex = 0; path = OBjectCFrameUITests.xctest; sourceTree = BUILT_PRODUCTS_DIR; };
		04B5100120F3489200A3C66F /* OBjectCFrameUITests.m */ = {isa = PBXFileReference; lastKnownFileType = sourcecode.c.objc; path = OBjectCFrameUITests.m; sourceTree = "<group>"; };
		04B5100320F3489200A3C66F /* Info.plist */ = {isa = PBXFileReference; lastKnownFileType = text.plist.xml; path = Info.plist; sourceTree = "<group>"; };
		04F9254720F851AC003A05E4 /* NetWorkTool.h */ = {isa = PBXFileReference; lastKnownFileType = sourcecode.c.h; path = NetWorkTool.h; sourceTree = "<group>"; };
		04F9254820F851AC003A05E4 /* NetWorkTool.m */ = {isa = PBXFileReference; lastKnownFileType = sourcecode.c.objc; path = NetWorkTool.m; sourceTree = "<group>"; };
		175BEB87911B4A5A705362E1 /* Pods-OBjectCFrame.release.xcconfig */ = {isa = PBXFileReference; includeInIndex = 1; lastKnownFileType = text.xcconfig; name = "Pods-OBjectCFrame.release.xcconfig"; path = "Pods/Target Support Files/Pods-OBjectCFrame/Pods-OBjectCFrame.release.xcconfig"; sourceTree = "<group>"; };
		71350EED7B7D8CA8C038425E /* libPods-OBjectCFrame-OBjectCFrameTests.a */ = {isa = PBXFileReference; explicitFileType = archive.ar; includeInIndex = 0; path = "libPods-OBjectCFrame-OBjectCFrameTests.a"; sourceTree = BUILT_PRODUCTS_DIR; };
		7355FDD77B54EE4A87ACDD16 /* Pods-OBjectCFrame.debug.xcconfig */ = {isa = PBXFileReference; includeInIndex = 1; lastKnownFileType = text.xcconfig; name = "Pods-OBjectCFrame.debug.xcconfig"; path = "Pods/Target Support Files/Pods-OBjectCFrame/Pods-OBjectCFrame.debug.xcconfig"; sourceTree = "<group>"; };
		8B617E7AAB5AD67DFB15FD0A /* libPods-OBjectCFrameUITests.a */ = {isa = PBXFileReference; explicitFileType = archive.ar; includeInIndex = 0; path = "libPods-OBjectCFrameUITests.a"; sourceTree = BUILT_PRODUCTS_DIR; };
		AAA829727E9BB8FA319E9FAE /* Pods-OBjectCFrame-OBjectCFrameTests.debug.xcconfig */ = {isa = PBXFileReference; includeInIndex = 1; lastKnownFileType = text.xcconfig; name = "Pods-OBjectCFrame-OBjectCFrameTests.debug.xcconfig"; path = "Pods/Target Support Files/Pods-OBjectCFrame-OBjectCFrameTests/Pods-OBjectCFrame-OBjectCFrameTests.debug.xcconfig"; sourceTree = "<group>"; };
		B0C0C3694AB3BB513E273211 /* libPods-OBjectCFrame.a */ = {isa = PBXFileReference; explicitFileType = archive.ar; includeInIndex = 0; path = "libPods-OBjectCFrame.a"; sourceTree = BUILT_PRODUCTS_DIR; };
		B27D0FF54E321870EBB1B6D7 /* Pods-OBjectCFrame-OBjectCFrameTests.release.xcconfig */ = {isa = PBXFileReference; includeInIndex = 1; lastKnownFileType = text.xcconfig; name = "Pods-OBjectCFrame-OBjectCFrameTests.release.xcconfig"; path = "Pods/Target Support Files/Pods-OBjectCFrame-OBjectCFrameTests/Pods-OBjectCFrame-OBjectCFrameTests.release.xcconfig"; sourceTree = "<group>"; };
		B2F160B7DD19B60032F4F4F3 /* Pods-OBjectCFrameUITests.debug.xcconfig */ = {isa = PBXFileReference; includeInIndex = 1; lastKnownFileType = text.xcconfig; name = "Pods-OBjectCFrameUITests.debug.xcconfig"; path = "Pods/Target Support Files/Pods-OBjectCFrameUITests/Pods-OBjectCFrameUITests.debug.xcconfig"; sourceTree = "<group>"; };
		BF6F7647C11C177DDDEC221D /* Pods-OBjectCFrameUITests.release.xcconfig */ = {isa = PBXFileReference; includeInIndex = 1; lastKnownFileType = text.xcconfig; name = "Pods-OBjectCFrameUITests.release.xcconfig"; path = "Pods/Target Support Files/Pods-OBjectCFrameUITests/Pods-OBjectCFrameUITests.release.xcconfig"; sourceTree = "<group>"; };
/* End PBXFileReference section */

/* Begin PBXFrameworksBuildPhase section */
		04B50FD720F3489000A3C66F /* Frameworks */ = {
			isa = PBXFrameworksBuildPhase;
			buildActionMask = 2147483647;
			files = (
				D44CEE9E761337DBDF517798 /* libPods-OBjectCFrame.a in Frameworks */,
			);
			runOnlyForDeploymentPostprocessing = 0;
		};
		04B50FEF20F3489200A3C66F /* Frameworks */ = {
			isa = PBXFrameworksBuildPhase;
			buildActionMask = 2147483647;
			files = (
				48F6B93B8F3861A96E9C2476 /* libPods-OBjectCFrame-OBjectCFrameTests.a in Frameworks */,
			);
			runOnlyForDeploymentPostprocessing = 0;
		};
		04B50FFA20F3489200A3C66F /* Frameworks */ = {
			isa = PBXFrameworksBuildPhase;
			buildActionMask = 2147483647;
			files = (
				8AF1E11C31CEE9738E3ED49D /* libPods-OBjectCFrameUITests.a in Frameworks */,
			);
			runOnlyForDeploymentPostprocessing = 0;
		};
/* End PBXFrameworksBuildPhase section */

/* Begin PBXGroup section */
		047925D420F7404D00CE8F7D /* Tool */ = {
			isa = PBXGroup;
			children = (
				04F9254620F850A9003A05E4 /* NetWorkTool */,
			);
			path = Tool;
			sourceTree = SOURCE_ROOT;
		};
		047925D520F7404D00CE8F7D /* Main */ = {
			isa = PBXGroup;
			children = (
				047925D820F7416B00CE8F7D /* Login */,
			);
			path = Main;
			sourceTree = SOURCE_ROOT;
		};
		047925D620F7404D00CE8F7D /* Base */ = {
			isa = PBXGroup;
			children = (
			);
			path = Base;
			sourceTree = SOURCE_ROOT;
		};
		047925D720F7405F00CE8F7D /* Extension */ = {
			isa = PBXGroup;
			children = (
			);
			path = Extension;
			sourceTree = SOURCE_ROOT;
		};
		047925D820F7416B00CE8F7D /* Login */ = {
			isa = PBXGroup;
			children = (
				047925D920F7416B00CE8F7D /* ViewModel */,
				047925DA20F7416B00CE8F7D /* Controller */,
				047925DB20F7416B00CE8F7D /* Model */,
				047925DC20F7416B00CE8F7D /* View */,
			);
			path = Login;
			sourceTree = "<group>";
		};
		047925D920F7416B00CE8F7D /* ViewModel */ = {
			isa = PBXGroup;
			children = (
				047925E220F742FE00CE8F7D /* LoginViewModel.h */,
				047925E320F742FE00CE8F7D /* LoginViewModel.m */,
			);
			path = ViewModel;
			sourceTree = "<group>";
		};
		047925DA20F7416B00CE8F7D /* Controller */ = {
			isa = PBXGroup;
			children = (
				047925DD20F7418300CE8F7D /* LoginViewController.h */,
				047925DE20F7418300CE8F7D /* LoginViewController.m */,
				047925DF20F7418300CE8F7D /* LoginViewController.xib */,
			);
			path = Controller;
			sourceTree = "<group>";
		};
		047925DB20F7416B00CE8F7D /* Model */ = {
			isa = PBXGroup;
			children = (
			);
			path = Model;
			sourceTree = "<group>";
		};
		047925DC20F7416B00CE8F7D /* View */ = {
			isa = PBXGroup;
			children = (
			);
			path = View;
			sourceTree = "<group>";
		};
		04B50FD120F3489000A3C66F = {
			isa = PBXGroup;
			children = (
				04B50FDC20F3489000A3C66F /* OBjectCFrame */,
				04B50FF520F3489200A3C66F /* OBjectCFrameTests */,
				04B5100020F3489200A3C66F /* OBjectCFrameUITests */,
				04B50FDB20F3489000A3C66F /* Products */,
				C21AAAFAB059829FDA35673E /* Pods */,
				D23D0F0AF37ADEFF2AD2964A /* Frameworks */,
			);
			sourceTree = "<group>";
		};
		04B50FDB20F3489000A3C66F /* Products */ = {
			isa = PBXGroup;
			children = (
				04B50FDA20F3489000A3C66F /* OBjectCFrame.app */,
				04B50FF220F3489200A3C66F /* OBjectCFrameTests.xctest */,
				04B50FFD20F3489200A3C66F /* OBjectCFrameUITests.xctest */,
			);
			name = Products;
			sourceTree = "<group>";
		};
		04B50FDC20F3489000A3C66F /* OBjectCFrame */ = {
			isa = PBXGroup;
			children = (
				04B50FDD20F3489000A3C66F /* AppDelegate.h */,
				04B50FDE20F3489000A3C66F /* AppDelegate.m */,
				047925D620F7404D00CE8F7D /* Base */,
				047925D520F7404D00CE8F7D /* Main */,
				047925D420F7404D00CE8F7D /* Tool */,
				047925D720F7405F00CE8F7D /* Extension */,
				04B50FE320F3489000A3C66F /* Main.storyboard */,
				04B50FE620F3489200A3C66F /* Assets.xcassets */,
				04B50FE820F3489200A3C66F /* LaunchScreen.storyboard */,
				04B50FEB20F3489200A3C66F /* Info.plist */,
				04B50FEC20F3489200A3C66F /* main.m */,
				047925F120F753A800CE8F7D /* Header.pch */,
			);
			path = OBjectCFrame;
			sourceTree = "<group>";
		};
		04B50FF520F3489200A3C66F /* OBjectCFrameTests */ = {
			isa = PBXGroup;
			children = (
				04B50FF620F3489200A3C66F /* OBjectCFrameTests.m */,
				04B50FF820F3489200A3C66F /* Info.plist */,
			);
			path = OBjectCFrameTests;
			sourceTree = "<group>";
		};
		04B5100020F3489200A3C66F /* OBjectCFrameUITests */ = {
			isa = PBXGroup;
			children = (
				04B5100120F3489200A3C66F /* OBjectCFrameUITests.m */,
				04B5100320F3489200A3C66F /* Info.plist */,
			);
			path = OBjectCFrameUITests;
			sourceTree = "<group>";
		};
		04F9254620F850A9003A05E4 /* NetWorkTool */ = {
			isa = PBXGroup;
			children = (
				04F9254720F851AC003A05E4 /* NetWorkTool.h */,
				04F9254820F851AC003A05E4 /* NetWorkTool.m */,
			);
			path = NetWorkTool;
			sourceTree = "<group>";
		};
		C21AAAFAB059829FDA35673E /* Pods */ = {
			isa = PBXGroup;
			children = (
				7355FDD77B54EE4A87ACDD16 /* Pods-OBjectCFrame.debug.xcconfig */,
				175BEB87911B4A5A705362E1 /* Pods-OBjectCFrame.release.xcconfig */,
				AAA829727E9BB8FA319E9FAE /* Pods-OBjectCFrame-OBjectCFrameTests.debug.xcconfig */,
				B27D0FF54E321870EBB1B6D7 /* Pods-OBjectCFrame-OBjectCFrameTests.release.xcconfig */,
				B2F160B7DD19B60032F4F4F3 /* Pods-OBjectCFrameUITests.debug.xcconfig */,
				BF6F7647C11C177DDDEC221D /* Pods-OBjectCFrameUITests.release.xcconfig */,
			);
			name = Pods;
			sourceTree = "<group>";
		};
		D23D0F0AF37ADEFF2AD2964A /* Frameworks */ = {
			isa = PBXGroup;
			children = (
				B0C0C3694AB3BB513E273211 /* libPods-OBjectCFrame.a */,
				71350EED7B7D8CA8C038425E /* libPods-OBjectCFrame-OBjectCFrameTests.a */,
				8B617E7AAB5AD67DFB15FD0A /* libPods-OBjectCFrameUITests.a */,
			);
			name = Frameworks;
			sourceTree = "<group>";
		};
/* End PBXGroup section */

/* Begin PBXNativeTarget section */
		04B50FD920F3489000A3C66F /* OBjectCFrame */ = {
			isa = PBXNativeTarget;
			buildConfigurationList = 04B5100620F3489200A3C66F /* Build configuration list for PBXNativeTarget "OBjectCFrame" */;
			buildPhases = (
				345F74EF027F2AEE7F6D5DD3 /* [CP] Check Pods Manifest.lock */,
				04B50FD620F3489000A3C66F /* Sources */,
				04B50FD720F3489000A3C66F /* Frameworks */,
				04B50FD820F3489000A3C66F /* Resources */,
			);
			buildRules = (
			);
			dependencies = (
			);
			name = OBjectCFrame;
			productName = OBjectCFrame;
			productReference = 04B50FDA20F3489000A3C66F /* OBjectCFrame.app */;
			productType = "com.apple.product-type.application";
		};
		04B50FF120F3489200A3C66F /* OBjectCFrameTests */ = {
			isa = PBXNativeTarget;
			buildConfigurationList = 04B5100920F3489200A3C66F /* Build configuration list for PBXNativeTarget "OBjectCFrameTests" */;
			buildPhases = (
				366D0F627EE1E144C15F125C /* [CP] Check Pods Manifest.lock */,
				04B50FEE20F3489200A3C66F /* Sources */,
				04B50FEF20F3489200A3C66F /* Frameworks */,
				04B50FF020F3489200A3C66F /* Resources */,
			);
			buildRules = (
			);
			dependencies = (
				04B50FF420F3489200A3C66F /* PBXTargetDependency */,
			);
			name = OBjectCFrameTests;
			productName = OBjectCFrameTests;
			productReference = 04B50FF220F3489200A3C66F /* OBjectCFrameTests.xctest */;
			productType = "com.apple.product-type.bundle.unit-test";
		};
		04B50FFC20F3489200A3C66F /* OBjectCFrameUITests */ = {
			isa = PBXNativeTarget;
			buildConfigurationList = 04B5100C20F3489200A3C66F /* Build configuration list for PBXNativeTarget "OBjectCFrameUITests" */;
			buildPhases = (
				07D317CC41BC0AC6AE498EAF /* [CP] Check Pods Manifest.lock */,
				04B50FF920F3489200A3C66F /* Sources */,
				04B50FFA20F3489200A3C66F /* Frameworks */,
				04B50FFB20F3489200A3C66F /* Resources */,
			);
			buildRules = (
			);
			dependencies = (
				04B50FFF20F3489200A3C66F /* PBXTargetDependency */,
			);
			name = OBjectCFrameUITests;
			productName = OBjectCFrameUITests;
			productReference = 04B50FFD20F3489200A3C66F /* OBjectCFrameUITests.xctest */;
			productType = "com.apple.product-type.bundle.ui-testing";
		};
/* End PBXNativeTarget section */

/* Begin PBXProject section */
		04B50FD220F3489000A3C66F /* Project object */ = {
			isa = PBXProject;
			attributes = {
				LastUpgradeCheck = 0930;
				ORGANIZATIONNAME = thc;
				TargetAttributes = {
					04B50FD920F3489000A3C66F = {
						CreatedOnToolsVersion = 9.3.1;
					};
					04B50FF120F3489200A3C66F = {
						CreatedOnToolsVersion = 9.3.1;
						TestTargetID = 04B50FD920F3489000A3C66F;
					};
					04B50FFC20F3489200A3C66F = {
						CreatedOnToolsVersion = 9.3.1;
						TestTargetID = 04B50FD920F3489000A3C66F;
					};
				};
			};
			buildConfigurationList = 04B50FD520F3489000A3C66F /* Build configuration list for PBXProject "OBjectCFrame" */;
			compatibilityVersion = "Xcode 9.3";
			developmentRegion = en;
			hasScannedForEncodings = 0;
			knownRegions = (
				en,
				Base,
			);
			mainGroup = 04B50FD120F3489000A3C66F;
			productRefGroup = 04B50FDB20F3489000A3C66F /* Products */;
			projectDirPath = "";
			projectRoot = "";
			targets = (
				04B50FD920F3489000A3C66F /* OBjectCFrame */,
				04B50FF120F3489200A3C66F /* OBjectCFrameTests */,
				04B50FFC20F3489200A3C66F /* OBjectCFrameUITests */,
			);
		};
/* End PBXProject section */

/* Begin PBXResourcesBuildPhase section */
		04B50FD820F3489000A3C66F /* Resources */ = {
			isa = PBXResourcesBuildPhase;
			buildActionMask = 2147483647;
			files = (
				047925E120F7418300CE8F7D /* LoginViewController.xib in Resources */,
				04B50FEA20F3489200A3C66F /* LaunchScreen.storyboard in Resources */,
				04B50FE720F3489200A3C66F /* Assets.xcassets in Resources */,
				04B50FE520F3489000A3C66F /* Main.storyboard in Resources */,
			);
			runOnlyForDeploymentPostprocessing = 0;
		};
		04B50FF020F3489200A3C66F /* Resources */ = {
			isa = PBXResourcesBuildPhase;
			buildActionMask = 2147483647;
			files = (
			);
			runOnlyForDeploymentPostprocessing = 0;
		};
		04B50FFB20F3489200A3C66F /* Resources */ = {
			isa = PBXResourcesBuildPhase;
			buildActionMask = 2147483647;
			files = (
			);
			runOnlyForDeploymentPostprocessing = 0;
		};
/* End PBXResourcesBuildPhase section */

/* Begin PBXShellScriptBuildPhase section */
		07D317CC41BC0AC6AE498EAF /* [CP] Check Pods Manifest.lock */ = {
			isa = PBXShellScriptBuildPhase;
			buildActionMask = 2147483647;
			files = (
			);
			inputPaths = (
				"${PODS_PODFILE_DIR_PATH}/Podfile.lock",
				"${PODS_ROOT}/Manifest.lock",
			);
			name = "[CP] Check Pods Manifest.lock";
			outputPaths = (
				"$(DERIVED_FILE_DIR)/Pods-OBjectCFrameUITests-checkManifestLockResult.txt",
			);
			runOnlyForDeploymentPostprocessing = 0;
			shellPath = /bin/sh;
			shellScript = "diff \"${PODS_PODFILE_DIR_PATH}/Podfile.lock\" \"${PODS_ROOT}/Manifest.lock\" > /dev/null\nif [ $? != 0 ] ; then\n    # print error to STDERR\n    echo \"error: The sandbox is not in sync with the Podfile.lock. Run 'pod install' or update your CocoaPods installation.\" >&2\n    exit 1\nfi\n# This output is used by Xcode 'outputs' to avoid re-running this script phase.\necho \"SUCCESS\" > \"${SCRIPT_OUTPUT_FILE_0}\"\n";
			showEnvVarsInLog = 0;
		};
		345F74EF027F2AEE7F6D5DD3 /* [CP] Check Pods Manifest.lock */ = {
			isa = PBXShellScriptBuildPhase;
			buildActionMask = 2147483647;
			files = (
			);
			inputPaths = (
				"${PODS_PODFILE_DIR_PATH}/Podfile.lock",
				"${PODS_ROOT}/Manifest.lock",
			);
			name = "[CP] Check Pods Manifest.lock";
			outputPaths = (
				"$(DERIVED_FILE_DIR)/Pods-OBjectCFrame-checkManifestLockResult.txt",
			);
			runOnlyForDeploymentPostprocessing = 0;
			shellPath = /bin/sh;
			shellScript = "diff \"${PODS_PODFILE_DIR_PATH}/Podfile.lock\" \"${PODS_ROOT}/Manifest.lock\" > /dev/null\nif [ $? != 0 ] ; then\n    # print error to STDERR\n    echo \"error: The sandbox is not in sync with the Podfile.lock. Run 'pod install' or update your CocoaPods installation.\" >&2\n    exit 1\nfi\n# This output is used by Xcode 'outputs' to avoid re-running this script phase.\necho \"SUCCESS\" > \"${SCRIPT_OUTPUT_FILE_0}\"\n";
			showEnvVarsInLog = 0;
		};
		366D0F627EE1E144C15F125C /* [CP] Check Pods Manifest.lock */ = {
			isa = PBXShellScriptBuildPhase;
			buildActionMask = 2147483647;
			files = (
			);
			inputPaths = (
				"${PODS_PODFILE_DIR_PATH}/Podfile.lock",
				"${PODS_ROOT}/Manifest.lock",
			);
			name = "[CP] Check Pods Manifest.lock";
			outputPaths = (
				"$(DERIVED_FILE_DIR)/Pods-OBjectCFrame-OBjectCFrameTests-checkManifestLockResult.txt",
			);
			runOnlyForDeploymentPostprocessing = 0;
			shellPath = /bin/sh;
			shellScript = "diff \"${PODS_PODFILE_DIR_PATH}/Podfile.lock\" \"${PODS_ROOT}/Manifest.lock\" > /dev/null\nif [ $? != 0 ] ; then\n    # print error to STDERR\n    echo \"error: The sandbox is not in sync with the Podfile.lock. Run 'pod install' or update your CocoaPods installation.\" >&2\n    exit 1\nfi\n# This output is used by Xcode 'outputs' to avoid re-running this script phase.\necho \"SUCCESS\" > \"${SCRIPT_OUTPUT_FILE_0}\"\n";
			showEnvVarsInLog = 0;
		};
/* End PBXShellScriptBuildPhase section */

/* Begin PBXSourcesBuildPhase section */
		04B50FD620F3489000A3C66F /* Sources */ = {
			isa = PBXSourcesBuildPhase;
			buildActionMask = 2147483647;
			files = (
				047925E420F742FE00CE8F7D /* LoginViewModel.m in Sources */,
				04B50FED20F3489200A3C66F /* main.m in Sources */,
				04B50FDF20F3489000A3C66F /* AppDelegate.m in Sources */,
				047925E020F7418300CE8F7D /* LoginViewController.m in Sources */,
				04F9254920F851AC003A05E4 /* NetWorkTool.m in Sources */,
			);
			runOnlyForDeploymentPostprocessing = 0;
		};
		04B50FEE20F3489200A3C66F /* Sources */ = {
			isa = PBXSourcesBuildPhase;
			buildActionMask = 2147483647;
			files = (
				04B50FF720F3489200A3C66F /* OBjectCFrameTests.m in Sources */,
			);
			runOnlyForDeploymentPostprocessing = 0;
		};
		04B50FF920F3489200A3C66F /* Sources */ = {
			isa = PBXSourcesBuildPhase;
			buildActionMask = 2147483647;
			files = (
				04B5100220F3489200A3C66F /* OBjectCFrameUITests.m in Sources */,
			);
			runOnlyForDeploymentPostprocessing = 0;
		};
/* End PBXSourcesBuildPhase section */

/* Begin PBXTargetDependency section */
		04B50FF420F3489200A3C66F /* PBXTargetDependency */ = {
			isa = PBXTargetDependency;
			target = 04B50FD920F3489000A3C66F /* OBjectCFrame */;
			targetProxy = 04B50FF320F3489200A3C66F /* PBXContainerItemProxy */;
		};
		04B50FFF20F3489200A3C66F /* PBXTargetDependency */ = {
			isa = PBXTargetDependency;
			target = 04B50FD920F3489000A3C66F /* OBjectCFrame */;
			targetProxy = 04B50FFE20F3489200A3C66F /* PBXContainerItemProxy */;
		};
/* End PBXTargetDependency section */

/* Begin PBXVariantGroup section */
		04B50FE320F3489000A3C66F /* Main.storyboard */ = {
			isa = PBXVariantGroup;
			children = (
				04B50FE420F3489000A3C66F /* Base */,
			);
			name = Main.storyboard;
			sourceTree = "<group>";
		};
		04B50FE820F3489200A3C66F /* LaunchScreen.storyboard */ = {
			isa = PBXVariantGroup;
			children = (
				04B50FE920F3489200A3C66F /* Base */,
			);
			name = LaunchScreen.storyboard;
			sourceTree = "<group>";
		};
/* End PBXVariantGroup section */

/* Begin XCBuildConfiguration section */
		04B5100420F3489200A3C66F /* Debug */ = {
			isa = XCBuildConfiguration;
			buildSettings = {
				ALWAYS_SEARCH_USER_PATHS = NO;
				CLANG_ANALYZER_NONNULL = YES;
				CLANG_ANALYZER_NUMBER_OBJECT_CONVERSION = YES_AGGRESSIVE;
				CLANG_CXX_LANGUAGE_STANDARD = "gnu++14";
				CLANG_CXX_LIBRARY = "libc++";
				CLANG_ENABLE_MODULES = YES;
				CLANG_ENABLE_OBJC_ARC = YES;
				CLANG_ENABLE_OBJC_WEAK = YES;
				CLANG_WARN_BLOCK_CAPTURE_AUTORELEASING = YES;
				CLANG_WARN_BOOL_CONVERSION = YES;
				CLANG_WARN_COMMA = YES;
				CLANG_WARN_CONSTANT_CONVERSION = YES;
				CLANG_WARN_DEPRECATED_OBJC_IMPLEMENTATIONS = YES;
				CLANG_WARN_DIRECT_OBJC_ISA_USAGE = YES_ERROR;
				CLANG_WARN_DOCUMENTATION_COMMENTS = YES;
				CLANG_WARN_EMPTY_BODY = YES;
				CLANG_WARN_ENUM_CONVERSION = YES;
				CLANG_WARN_INFINITE_RECURSION = YES;
				CLANG_WARN_INT_CONVERSION = YES;
				CLANG_WARN_NON_LITERAL_NULL_CONVERSION = YES;
				CLANG_WARN_OBJC_IMPLICIT_RETAIN_SELF = YES;
				CLANG_WARN_OBJC_LITERAL_CONVERSION = YES;
				CLANG_WARN_OBJC_ROOT_CLASS = YES_ERROR;
				CLANG_WARN_RANGE_LOOP_ANALYSIS = YES;
				CLANG_WARN_STRICT_PROTOTYPES = YES;
				CLANG_WARN_SUSPICIOUS_MOVE = YES;
				CLANG_WARN_UNGUARDED_AVAILABILITY = YES_AGGRESSIVE;
				CLANG_WARN_UNREACHABLE_CODE = YES;
				CLANG_WARN__DUPLICATE_METHOD_MATCH = YES;
				CODE_SIGN_IDENTITY = "iPhone Developer";
				COPY_PHASE_STRIP = NO;
				DEBUG_INFORMATION_FORMAT = dwarf;
				ENABLE_STRICT_OBJC_MSGSEND = YES;
				ENABLE_TESTABILITY = YES;
				GCC_C_LANGUAGE_STANDARD = gnu11;
				GCC_DYNAMIC_NO_PIC = NO;
				GCC_NO_COMMON_BLOCKS = YES;
				GCC_OPTIMIZATION_LEVEL = 0;
				GCC_PREPROCESSOR_DEFINITIONS = (
					"DEBUG=1",
					"$(inherited)",
				);
				GCC_WARN_64_TO_32_BIT_CONVERSION = YES;
				GCC_WARN_ABOUT_RETURN_TYPE = YES_ERROR;
				GCC_WARN_UNDECLARED_SELECTOR = YES;
				GCC_WARN_UNINITIALIZED_AUTOS = YES_AGGRESSIVE;
				GCC_WARN_UNUSED_FUNCTION = YES;
				GCC_WARN_UNUSED_VARIABLE = YES;
				IPHONEOS_DEPLOYMENT_TARGET = 11.3;
				MTL_ENABLE_DEBUG_INFO = YES;
				ONLY_ACTIVE_ARCH = YES;
				SDKROOT = iphoneos;
			};
			name = Debug;
		};
		04B5100520F3489200A3C66F /* Release */ = {
			isa = XCBuildConfiguration;
			buildSettings = {
				ALWAYS_SEARCH_USER_PATHS = NO;
				CLANG_ANALYZER_NONNULL = YES;
				CLANG_ANALYZER_NUMBER_OBJECT_CONVERSION = YES_AGGRESSIVE;
				CLANG_CXX_LANGUAGE_STANDARD = "gnu++14";
				CLANG_CXX_LIBRARY = "libc++";
				CLANG_ENABLE_MODULES = YES;
				CLANG_ENABLE_OBJC_ARC = YES;
				CLANG_ENABLE_OBJC_WEAK = YES;
				CLANG_WARN_BLOCK_CAPTURE_AUTORELEASING = YES;
				CLANG_WARN_BOOL_CONVERSION = YES;
				CLANG_WARN_COMMA = YES;
				CLANG_WARN_CONSTANT_CONVERSION = YES;
				CLANG_WARN_DEPRECATED_OBJC_IMPLEMENTATIONS = YES;
				CLANG_WARN_DIRECT_OBJC_ISA_USAGE = YES_ERROR;
				CLANG_WARN_DOCUMENTATION_COMMENTS = YES;
				CLANG_WARN_EMPTY_BODY = YES;
				CLANG_WARN_ENUM_CONVERSION = YES;
				CLANG_WARN_INFINITE_RECURSION = YES;
				CLANG_WARN_INT_CONVERSION = YES;
				CLANG_WARN_NON_LITERAL_NULL_CONVERSION = YES;
				CLANG_WARN_OBJC_IMPLICIT_RETAIN_SELF = YES;
				CLANG_WARN_OBJC_LITERAL_CONVERSION = YES;
				CLANG_WARN_OBJC_ROOT_CLASS = YES_ERROR;
				CLANG_WARN_RANGE_LOOP_ANALYSIS = YES;
				CLANG_WARN_STRICT_PROTOTYPES = YES;
				CLANG_WARN_SUSPICIOUS_MOVE = YES;
				CLANG_WARN_UNGUARDED_AVAILABILITY = YES_AGGRESSIVE;
				CLANG_WARN_UNREACHABLE_CODE = YES;
				CLANG_WARN__DUPLICATE_METHOD_MATCH = YES;
				CODE_SIGN_IDENTITY = "iPhone Developer";
				COPY_PHASE_STRIP = NO;
				DEBUG_INFORMATION_FORMAT = "dwarf-with-dsym";
				ENABLE_NS_ASSERTIONS = NO;
				ENABLE_STRICT_OBJC_MSGSEND = YES;
				GCC_C_LANGUAGE_STANDARD = gnu11;
				GCC_NO_COMMON_BLOCKS = YES;
				GCC_WARN_64_TO_32_BIT_CONVERSION = YES;
				GCC_WARN_ABOUT_RETURN_TYPE = YES_ERROR;
				GCC_WARN_UNDECLARED_SELECTOR = YES;
				GCC_WARN_UNINITIALIZED_AUTOS = YES_AGGRESSIVE;
				GCC_WARN_UNUSED_FUNCTION = YES;
				GCC_WARN_UNUSED_VARIABLE = YES;
				IPHONEOS_DEPLOYMENT_TARGET = 11.3;
				MTL_ENABLE_DEBUG_INFO = NO;
				SDKROOT = iphoneos;
				VALIDATE_PRODUCT = YES;
			};
			name = Release;
		};
		04B5100720F3489200A3C66F /* Debug */ = {
			isa = XCBuildConfiguration;
			baseConfigurationReference = 7355FDD77B54EE4A87ACDD16 /* Pods-OBjectCFrame.debug.xcconfig */;
			buildSettings = {
				ASSETCATALOG_COMPILER_APPICON_NAME = AppIcon;
				CODE_SIGN_STYLE = Automatic;
				GCC_PREFIX_HEADER = "$(PROJECT_DIR)/$(PROJECT_NAME)/Header.pch";
				INFOPLIST_FILE = OBjectCFrame/Info.plist;
				LD_RUNPATH_SEARCH_PATHS = (
					"$(inherited)",
					"@executable_path/Frameworks",
				);
				PRODUCT_BUNDLE_IDENTIFIER = thc.OBjectCFrame;
				PRODUCT_NAME = "$(TARGET_NAME)";
				TARGETED_DEVICE_FAMILY = "1,2";
			};
			name = Debug;
		};
		04B5100820F3489200A3C66F /* Release */ = {
			isa = XCBuildConfiguration;
			baseConfigurationReference = 175BEB87911B4A5A705362E1 /* Pods-OBjectCFrame.release.xcconfig */;
			buildSettings = {
				ASSETCATALOG_COMPILER_APPICON_NAME = AppIcon;
				CODE_SIGN_STYLE = Automatic;
				GCC_PREFIX_HEADER = "$(PROJECT_DIR)/$(PROJECT_NAME)/Header.pch";
				INFOPLIST_FILE = OBjectCFrame/Info.plist;
				LD_RUNPATH_SEARCH_PATHS = (
					"$(inherited)",
					"@executable_path/Frameworks",
				);
				PRODUCT_BUNDLE_IDENTIFIER = thc.OBjectCFrame;
				PRODUCT_NAME = "$(TARGET_NAME)";
				TARGETED_DEVICE_FAMILY = "1,2";
			};
			name = Release;
		};
		04B5100A20F3489200A3C66F /* Debug */ = {
			isa = XCBuildConfiguration;
			baseConfigurationReference = AAA829727E9BB8FA319E9FAE /* Pods-OBjectCFrame-OBjectCFrameTests.debug.xcconfig */;
			buildSettings = {
				BUNDLE_LOADER = "$(TEST_HOST)";
				CODE_SIGN_STYLE = Automatic;
				INFOPLIST_FILE = OBjectCFrameTests/Info.plist;
				LD_RUNPATH_SEARCH_PATHS = (
					"$(inherited)",
					"@executable_path/Frameworks",
					"@loader_path/Frameworks",
				);
				PRODUCT_BUNDLE_IDENTIFIER = thc.OBjectCFrameTests;
				PRODUCT_NAME = "$(TARGET_NAME)";
				TARGETED_DEVICE_FAMILY = "1,2";
				TEST_HOST = "$(BUILT_PRODUCTS_DIR)/OBjectCFrame.app/OBjectCFrame";
			};
			name = Debug;
		};
		04B5100B20F3489200A3C66F /* Release */ = {
			isa = XCBuildConfiguration;
			baseConfigurationReference = B27D0FF54E321870EBB1B6D7 /* Pods-OBjectCFrame-OBjectCFrameTests.release.xcconfig */;
			buildSettings = {
				BUNDLE_LOADER = "$(TEST_HOST)";
				CODE_SIGN_STYLE = Automatic;
				INFOPLIST_FILE = OBjectCFrameTests/Info.plist;
				LD_RUNPATH_SEARCH_PATHS = (
					"$(inherited)",
					"@executable_path/Frameworks",
					"@loader_path/Frameworks",
				);
				PRODUCT_BUNDLE_IDENTIFIER = thc.OBjectCFrameTests;
				PRODUCT_NAME = "$(TARGET_NAME)";
				TARGETED_DEVICE_FAMILY = "1,2";
				TEST_HOST = "$(BUILT_PRODUCTS_DIR)/OBjectCFrame.app/OBjectCFrame";
			};
			name = Release;
		};
		04B5100D20F3489200A3C66F /* Debug */ = {
			isa = XCBuildConfiguration;
			baseConfigurationReference = B2F160B7DD19B60032F4F4F3 /* Pods-OBjectCFrameUITests.debug.xcconfig */;
			buildSettings = {
				CODE_SIGN_STYLE = Automatic;
				INFOPLIST_FILE = OBjectCFrameUITests/Info.plist;
				LD_RUNPATH_SEARCH_PATHS = (
					"$(inherited)",
					"@executable_path/Frameworks",
					"@loader_path/Frameworks",
				);
				PRODUCT_BUNDLE_IDENTIFIER = thc.OBjectCFrameUITests;
				PRODUCT_NAME = "$(TARGET_NAME)";
				TARGETED_DEVICE_FAMILY = "1,2";
				TEST_TARGET_NAME = OBjectCFrame;
			};
			name = Debug;
		};
		04B5100E20F3489200A3C66F /* Release */ = {
			isa = XCBuildConfiguration;
			baseConfigurationReference = BF6F7647C11C177DDDEC221D /* Pods-OBjectCFrameUITests.release.xcconfig */;
			buildSettings = {
				CODE_SIGN_STYLE = Automatic;
				INFOPLIST_FILE = OBjectCFrameUITests/Info.plist;
				LD_RUNPATH_SEARCH_PATHS = (
					"$(inherited)",
					"@executable_path/Frameworks",
					"@loader_path/Frameworks",
				);
				PRODUCT_BUNDLE_IDENTIFIER = thc.OBjectCFrameUITests;
				PRODUCT_NAME = "$(TARGET_NAME)";
				TARGETED_DEVICE_FAMILY = "1,2";
				TEST_TARGET_NAME = OBjectCFrame;
			};
			name = Release;
		};
/* End XCBuildConfiguration section */

/* Begin XCConfigurationList section */
		04B50FD520F3489000A3C66F /* Build configuration list for PBXProject "OBjectCFrame" */ = {
			isa = XCConfigurationList;
			buildConfigurations = (
				04B5100420F3489200A3C66F /* Debug */,
				04B5100520F3489200A3C66F /* Release */,
			);
			defaultConfigurationIsVisible = 0;
			defaultConfigurationName = Release;
		};
		04B5100620F3489200A3C66F /* Build configuration list for PBXNativeTarget "OBjectCFrame" */ = {
			isa = XCConfigurationList;
			buildConfigurations = (
				04B5100720F3489200A3C66F /* Debug */,
				04B5100820F3489200A3C66F /* Release */,
			);
			defaultConfigurationIsVisible = 0;
			defaultConfigurationName = Release;
		};
		04B5100920F3489200A3C66F /* Build configuration list for PBXNativeTarget "OBjectCFrameTests" */ = {
			isa = XCConfigurationList;
			buildConfigurations = (
				04B5100A20F3489200A3C66F /* Debug */,
				04B5100B20F3489200A3C66F /* Release */,
			);
			defaultConfigurationIsVisible = 0;
			defaultConfigurationName = Release;
		};
		04B5100C20F3489200A3C66F /* Build configuration list for PBXNativeTarget "OBjectCFrameUITests" */ = {
			isa = XCConfigurationList;
			buildConfigurations = (
				04B5100D20F3489200A3C66F /* Debug */,
				04B5100E20F3489200A3C66F /* Release */,
			);
			defaultConfigurationIsVisible = 0;
			defaultConfigurationName = Release;
		};
/* End XCConfigurationList section */
	};
	rootObject = 04B50FD220F3489000A3C66F /* Project object */;
}
